code.redteam.toys v0.0.0-20190504021753-ceb4e47d4cb6 h1:gKT4UUiwcOHf6yeiew8x22I8iWxYIpKCXY/90GF8YcU=
go.starlark.net v0.0.0-20190717023158-fc7a7f44baed h1:4jRCa7xxEE+8+CDxrq64JNGsuui8/Y1/enYVey/vsjo=
go.starlark.net v0.0.0-20190717023158-fc7a7f44baed/go.mod h1:c1/X6cHgvdXj6pUlmWKMkuqRnW4K8x2vwt6JAaaircg=
